// !$*UTF8*$!
{
	archiveVersion = 1;
	classes = {
	};
	objectVersion = 46;
	objects = {

/* Begin PBXBuildFile section */
		190145BC19A1EBB600C54DE1 /* Foundation.framework in Frameworks */ = {isa = PBXBuildFile; fileRef = 190145BB19A1EBB600C54DE1 /* Foundation.framework */; };
		190145BE19A1EBB600C54DE1 /* CoreGraphics.framework in Frameworks */ = {isa = PBXBuildFile; fileRef = 190145BD19A1EBB600C54DE1 /* CoreGraphics.framework */; };
		190145C019A1EBB600C54DE1 /* UIKit.framework in Frameworks */ = {isa = PBXBuildFile; fileRef = 190145BF19A1EBB600C54DE1 /* UIKit.framework */; };
		190145C619A1EBB700C54DE1 /* InfoPlist.strings in Resources */ = {isa = PBXBuildFile; fileRef = 190145C419A1EBB700C54DE1 /* InfoPlist.strings */; };
		190145C819A1EBB700C54DE1 /* main.m in Sources */ = {isa = PBXBuildFile; fileRef = 190145C719A1EBB700C54DE1 /* main.m */; };
		190145CC19A1EBB700C54DE1 /* NavigationPopUpAppDelegate.m in Sources */ = {isa = PBXBuildFile; fileRef = 190145CB19A1EBB700C54DE1 /* NavigationPopUpAppDelegate.m */; };
		190145CF19A1EBB700C54DE1 /* Main.storyboard in Resources */ = {isa = PBXBuildFile; fileRef = 190145CD19A1EBB700C54DE1 /* Main.storyboard */; };
		190145D219A1EBB700C54DE1 /* NavigationPopUpViewController.m in Sources */ = {isa = PBXBuildFile; fileRef = 190145D119A1EBB700C54DE1 /* NavigationPopUpViewController.m */; };
		190145D419A1EBB700C54DE1 /* Images.xcassets in Resources */ = {isa = PBXBuildFile; fileRef = 190145D319A1EBB700C54DE1 /* Images.xcassets */; };
		190145DB19A1EBB700C54DE1 /* XCTest.framework in Frameworks */ = {isa = PBXBuildFile; fileRef = 190145DA19A1EBB700C54DE1 /* XCTest.framework */; };
		190145DC19A1EBB700C54DE1 /* Foundation.framework in Frameworks */ = {isa = PBXBuildFile; fileRef = 190145BB19A1EBB600C54DE1 /* Foundation.framework */; };
		190145DD19A1EBB700C54DE1 /* UIKit.framework in Frameworks */ = {isa = PBXBuildFile; fileRef = 190145BF19A1EBB600C54DE1 /* UIKit.framework */; };
		190145E519A1EBB700C54DE1 /* InfoPlist.strings in Resources */ = {isa = PBXBuildFile; fileRef = 190145E319A1EBB700C54DE1 /* InfoPlist.strings */; };
		190145E719A1EBB700C54DE1 /* NavigationPopUpTests.m in Sources */ = {isa = PBXBuildFile; fileRef = 190145E619A1EBB700C54DE1 /* NavigationPopUpTests.m */; };
		1901460319A2096400C54DE1 /* imag.png in Resources */ = {isa = PBXBuildFile; fileRef = 1901460219A2096400C54DE1 /* imag.png */; };
		19991FE419A35A7700F09B13 /* imag@2x.png in Resources */ = {isa = PBXBuildFile; fileRef = 19991FE319A35A7700F09B13 /* imag@2x.png */; };
/* End PBXBuildFile section */

/* Begin PBXContainerItemProxy section */
		190145DE19A1EBB700C54DE1 /* PBXContainerItemProxy */ = {
			isa = PBXContainerItemProxy;
			containerPortal = 190145B019A1EBB600C54DE1 /* Project object */;
			proxyType = 1;
			remoteGlobalIDString = 190145B719A1EBB600C54DE1;
			remoteInfo = NavigationPopUp;
		};
/* End PBXContainerItemProxy section */

/* Begin PBXFileReference section */
		190145B819A1EBB600C54DE1 /* NavigationPopUp.app */ = {isa = PBXFileReference; explicitFileType = wrapper.application; includeInIndex = 0; path = NavigationPopUp.app; sourceTree = BUILT_PRODUCTS_DIR; };
		190145BB19A1EBB600C54DE1 /* Foundation.framework */ = {isa = PBXFileReference; lastKnownFileType = wrapper.framework; name = Foundation.framework; path = System/Library/Frameworks/Foundation.framework; sourceTree = SDKROOT; };
		190145BD19A1EBB600C54DE1 /* CoreGraphics.framework */ = {isa = PBXFileReference; lastKnownFileType = wrapper.framework; name = CoreGraphics.framework; path = System/Library/Frameworks/CoreGraphics.framework; sourceTree = SDKROOT; };
		190145BF19A1EBB600C54DE1 /* UIKit.framework */ = {isa = PBXFileReference; lastKnownFileType = wrapper.framework; name = UIKit.framework; path = System/Library/Frameworks/UIKit.framework; sourceTree = SDKROOT; };
		190145C319A1EBB700C54DE1 /* NavigationPopUp-Info.plist */ = {isa = PBXFileReference; lastKnownFileType = text.plist.xml; path = "NavigationPopUp-Info.plist"; sourceTree = "<group>"; };
		190145C519A1EBB700C54DE1 /* en */ = {isa = PBXFileReference; lastKnownFileType = text.plist.strings; name = en; path = en.lproj/InfoPlist.strings; sourceTree = "<group>"; };
		190145C719A1EBB700C54DE1 /* main.m */ = {isa = PBXFileReference; lastKnownFileType = sourcecode.c.objc; path = main.m; sourceTree = "<group>"; };
		190145C919A1EBB700C54DE1 /* NavigationPopUp-Prefix.pch */ = {isa = PBXFileReference; lastKnownFileType = sourcecode.c.h; path = "NavigationPopUp-Prefix.pch"; sourceTree = "<group>"; };
		190145CA19A1EBB700C54DE1 /* NavigationPopUpAppDelegate.h */ = {isa = PBXFileReference; lastKnownFileType = sourcecode.c.h; path = NavigationPopUpAppDelegate.h; sourceTree = "<group>"; };
		190145CB19A1EBB700C54DE1 /* NavigationPopUpAppDelegate.m */ = {isa = PBXFileReference; lastKnownFileType = sourcecode.c.objc; path = NavigationPopUpAppDelegate.m; sourceTree = "<group>"; };
		190145CE19A1EBB700C54DE1 /* Base */ = {isa = PBXFileReference; lastKnownFileType = file.storyboard; name = Base; path = Base.lproj/Main.storyboard; sourceTree = "<group>"; };
		190145D019A1EBB700C54DE1 /* NavigationPopUpViewController.h */ = {isa = PBXFileReference; lastKnownFileType = sourcecode.c.h; path = NavigationPopUpViewController.h; sourceTree = "<group>"; };
		190145D119A1EBB700C54DE1 /* NavigationPopUpViewController.m */ = {isa = PBXFileReference; lastKnownFileType = sourcecode.c.objc; path = NavigationPopUpViewController.m; sourceTree = "<group>"; };
		190145D319A1EBB700C54DE1 /* Images.xcassets */ = {isa = PBXFileReference; lastKnownFileType = folder.assetcatalog; path = Images.xcassets; sourceTree = "<group>"; };
		190145D919A1EBB700C54DE1 /* NavigationPopUpTests.xctest */ = {isa = PBXFileReference; explicitFileType = wrapper.cfbundle; includeInIndex = 0; path = NavigationPopUpTests.xctest; sourceTree = BUILT_PRODUCTS_DIR; };
		190145DA19A1EBB700C54DE1 /* XCTest.framework */ = {isa = PBXFileReference; lastKnownFileType = wrapper.framework; name = XCTest.framework; path = Library/Frameworks/XCTest.framework; sourceTree = DEVELOPER_DIR; };
		190145E219A1EBB700C54DE1 /* NavigationPopUpTests-Info.plist */ = {isa = PBXFileReference; lastKnownFileType = text.plist.xml; path = "NavigationPopUpTests-Info.plist"; sourceTree = "<group>"; };
		190145E419A1EBB700C54DE1 /* en */ = {isa = PBXFileReference; lastKnownFileType = text.plist.strings; name = en; path = en.lproj/InfoPlist.strings; sourceTree = "<group>"; };
		190145E619A1EBB700C54DE1 /* NavigationPopUpTests.m */ = {isa = PBXFileReference; lastKnownFileType = sourcecode.c.objc; path = NavigationPopUpTests.m; sourceTree = "<group>"; };
		1901460219A2096400C54DE1 /* imag.png */ = {isa = PBXFileReference; lastKnownFileType = image.png; path = imag.png; sourceTree = "<group>"; };
		19991FE319A35A7700F09B13 /* imag@2x.png */ = {isa = PBXFileReference; lastKnownFileType = image.png; path = "imag@2x.png"; sourceTree = "<group>"; };
/* End PBXFileReference section */

/* Begin PBXFrameworksBuildPhase section */
		190145B519A1EBB600C54DE1 /* Frameworks */ = {
			isa = PBXFrameworksBuildPhase;
			buildActionMask = 2147483647;
			files = (
				190145BE19A1EBB600C54DE1 /* CoreGraphics.framework in Frameworks */,
				190145C019A1EBB600C54DE1 /* UIKit.framework in Frameworks */,
				190145BC19A1EBB600C54DE1 /* Foundation.framework in Frameworks */,
			);
			runOnlyForDeploymentPostprocessing = 0;
		};
		190145D619A1EBB700C54DE1 /* Frameworks */ = {
			isa = PBXFrameworksBuildPhase;
			buildActionMask = 2147483647;
			files = (
				190145DB19A1EBB700C54DE1 /* XCTest.framework in Frameworks */,
				190145DD19A1EBB700C54DE1 /* UIKit.framework in Frameworks */,
				190145DC19A1EBB700C54DE1 /* Foundation.framework in Frameworks */,
			);
			runOnlyForDeploymentPostprocessing = 0;
		};
/* End PBXFrameworksBuildPhase section */

/* Begin PBXGroup section */
		190145AF19A1EBB600C54DE1 = {
			isa = PBXGroup;
			children = (
				19991FE319A35A7700F09B13 /* imag@2x.png */,
				1901460219A2096400C54DE1 /* imag.png */,
				190145C119A1EBB600C54DE1 /* NavigationPopUp */,
				190145E019A1EBB700C54DE1 /* NavigationPopUpTests */,
				190145BA19A1EBB600C54DE1 /* Frameworks */,
				190145B919A1EBB600C54DE1 /* Products */,
			);
			sourceTree = "<group>";
		};
		190145B919A1EBB600C54DE1 /* Products */ = {
			isa = PBXGroup;
			children = (
				190145B819A1EBB600C54DE1 /* NavigationPopUp.app */,
				190145D919A1EBB700C54DE1 /* NavigationPopUpTests.xctest */,
			);
			name = Products;
			sourceTree = "<group>";
		};
		190145BA19A1EBB600C54DE1 /* Frameworks */ = {
			isa = PBXGroup;
			children = (
				190145BB19A1EBB600C54DE1 /* Foundation.framework */,
				190145BD19A1EBB600C54DE1 /* CoreGraphics.framework */,
				190145BF19A1EBB600C54DE1 /* UIKit.framework */,
				190145DA19A1EBB700C54DE1 /* XCTest.framework */,
			);
			name = Frameworks;
			sourceTree = "<group>";
		};
		190145C119A1EBB600C54DE1 /* NavigationPopUp */ = {
			isa = PBXGroup;
			children = (
				190145CA19A1EBB700C54DE1 /* NavigationPopUpAppDelegate.h */,
				190145CB19A1EBB700C54DE1 /* NavigationPopUpAppDelegate.m */,
				190145CD19A1EBB700C54DE1 /* Main.storyboard */,
				190145D019A1EBB700C54DE1 /* NavigationPopUpViewController.h */,
				190145D119A1EBB700C54DE1 /* NavigationPopUpViewController.m */,
				190145D319A1EBB700C54DE1 /* Images.xcassets */,
				190145C219A1EBB700C54DE1 /* Supporting Files */,
			);
			path = NavigationPopUp;
			sourceTree = "<group>";
		};
		190145C219A1EBB700C54DE1 /* Supporting Files */ = {
			isa = PBXGroup;
			children = (
				190145C319A1EBB700C54DE1 /* NavigationPopUp-Info.plist */,
				190145C419A1EBB700C54DE1 /* InfoPlist.strings */,
				190145C719A1EBB700C54DE1 /* main.m */,
				190145C919A1EBB700C54DE1 /* NavigationPopUp-Prefix.pch */,
			);
			name = "Supporting Files";
			sourceTree = "<group>";
		};
		190145E019A1EBB700C54DE1 /* NavigationPopUpTests */ = {
			isa = PBXGroup;
			children = (
				190145E619A1EBB700C54DE1 /* NavigationPopUpTests.m */,
				190145E119A1EBB700C54DE1 /* Supporting Files */,
			);
			path = NavigationPopUpTests;
			sourceTree = "<group>";
		};
		190145E119A1EBB700C54DE1 /* Supporting Files */ = {
			isa = PBXGroup;
			children = (
				190145E219A1EBB700C54DE1 /* NavigationPopUpTests-Info.plist */,
				190145E319A1EBB700C54DE1 /* InfoPlist.strings */,
			);
			name = "Supporting Files";
			sourceTree = "<group>";
		};
/* End PBXGroup section */

/* Begin PBXNativeTarget section */
		190145B719A1EBB600C54DE1 /* NavigationPopUp */ = {
			isa = PBXNativeTarget;
			buildConfigurationList = 190145EA19A1EBB700C54DE1 /* Build configuration list for PBXNativeTarget "NavigationPopUp" */;
			buildPhases = (
				190145B419A1EBB600C54DE1 /* Sources */,
				190145B519A1EBB600C54DE1 /* Frameworks */,
				190145B619A1EBB600C54DE1 /* Resources */,
			);
			buildRules = (
			);
			dependencies = (
			);
			name = NavigationPopUp;
			productName = NavigationPopUp;
			productReference = 190145B819A1EBB600C54DE1 /* NavigationPopUp.app */;
			productType = "com.apple.product-type.application";
		};
		190145D819A1EBB700C54DE1 /* NavigationPopUpTests */ = {
			isa = PBXNativeTarget;
			buildConfigurationList = 190145ED19A1EBB700C54DE1 /* Build configuration list for PBXNativeTarget "NavigationPopUpTests" */;
			buildPhases = (
				190145D519A1EBB700C54DE1 /* Sources */,
				190145D619A1EBB700C54DE1 /* Frameworks */,
				190145D719A1EBB700C54DE1 /* Resources */,
			);
			buildRules = (
			);
			dependencies = (
				190145DF19A1EBB700C54DE1 /* PBXTargetDependency */,
			);
			name = NavigationPopUpTests;
			productName = NavigationPopUpTests;
			productReference = 190145D919A1EBB700C54DE1 /* NavigationPopUpTests.xctest */;
			productType = "com.apple.product-type.bundle.unit-test";
		};
/* End PBXNativeTarget section */

/* Begin PBXProject section */
		190145B019A1EBB600C54DE1 /* Project object */ = {
			isa = PBXProject;
			attributes = {
				CLASSPREFIX = NavigationPopUp;
				LastUpgradeCheck = 0510;
				ORGANIZATIONNAME = Eeshana;
				TargetAttributes = {
					190145D819A1EBB700C54DE1 = {
						TestTargetID = 190145B719A1EBB600C54DE1;
					};
				};
			};
			buildConfigurationList = 190145B319A1EBB600C54DE1 /* Build configuration list for PBXProject "NavigationPopUp" */;
			compatibilityVersion = "Xcode 3.2";
			developmentRegion = English;
			hasScannedForEncodings = 0;
			knownRegions = (
				en,
				Base,
			);
			mainGroup = 190145AF19A1EBB600C54DE1;
			productRefGroup = 190145B919A1EBB600C54DE1 /* Products */;
			projectDirPath = "";
			projectRoot = "";
			targets = (
				190145B719A1EBB600C54DE1 /* NavigationPopUp */,
				190145D819A1EBB700C54DE1 /* NavigationPopUpTests */,
			);
		};
/* End PBXProject section */

/* Begin PBXResourcesBuildPhase section */
		190145B619A1EBB600C54DE1 /* Resources */ = {
			isa = PBXResourcesBuildPhase;
			buildActionMask = 2147483647;
			files = (
				190145D419A1EBB700C54DE1 /* Images.xcassets in Resources */,
				1901460319A2096400C54DE1 /* imag.png in Resources */,
				190145C619A1EBB700C54DE1 /* InfoPlist.strings in Resources */,
				19991FE419A35A7700F09B13 /* imag@2x.png in Resources */,
				190145CF19A1EBB700C54DE1 /* Main.storyboard in Resources */,
			);
			runOnlyForDeploymentPostprocessing = 0;
		};
		190145D719A1EBB700C54DE1 /* Resources */ = {
			isa = PBXResourcesBuildPhase;
			buildActionMask = 2147483647;
			files = (
				190145E519A1EBB700C54DE1 /* InfoPlist.strings in Resources */,
			);
			runOnlyForDeploymentPostprocessing = 0;
		};
/* End PBXResourcesBuildPhase section */

/* Begin PBXSourcesBuildPhase section */
		190145B419A1EBB600C54DE1 /* Sources */ = {
			isa = PBXSourcesBuildPhase;
			buildActionMask = 2147483647;
			files = (
				190145D219A1EBB700C54DE1 /* NavigationPopUpViewController.m in Sources */,
				190145C819A1EBB700C54DE1 /* main.m in Sources */,
				190145CC19A1EBB700C54DE1 /* NavigationPopUpAppDelegate.m in Sources */,
			);
			runOnlyForDeploymentPostprocessing = 0;
		};
		190145D519A1EBB700C54DE1 /* Sources */ = {
			isa = PBXSourcesBuildPhase;
			buildActionMask = 2147483647;
			files = (
				190145E719A1EBB700C54DE1 /* NavigationPopUpTests.m in Sources */,
			);
			runOnlyForDeploymentPostprocessing = 0;
		};
/* End PBXSourcesBuildPhase section */

/* Begin PBXTargetDependency section */
		190145DF19A1EBB700C54DE1 /* PBXTargetDependency */ = {
			isa = PBXTargetDependency;
			target = 190145B719A1EBB600C54DE1 /* NavigationPopUp */;
			targetProxy = 190145DE19A1EBB700C54DE1 /* PBXContainerItemProxy */;
		};
/* End PBXTargetDependency section */

/* Begin PBXVariantGroup section */
		190145C419A1EBB700C54DE1 /* InfoPlist.strings */ = {
			isa = PBXVariantGroup;
			children = (
				190145C519A1EBB700C54DE1 /* en */,
			);
			name = InfoPlist.strings;
			sourceTree = "<group>";
		};
		190145CD19A1EBB700C54DE1 /* Main.storyboard */ = {
			isa = PBXVariantGroup;
			children = (
				190145CE19A1EBB700C54DE1 /* Base */,
			);
			name = Main.storyboard;
			sourceTree = "<group>";
		};
		190145E319A1EBB700C54DE1 /* InfoPlist.strings */ = {
			isa = PBXVariantGroup;
			children = (
				190145E419A1EBB700C54DE1 /* en */,
			);
			name = InfoPlist.strings;
			sourceTree = "<group>";
		};
/* End PBXVariantGroup section */

/* Begin XCBuildConfiguration section */
		190145E819A1EBB700C54DE1 /* Debug */ = {
			isa = XCBuildConfiguration;
			buildSettings = {
				ALWAYS_SEARCH_USER_PATHS = NO;
				CLANG_CXX_LANGUAGE_STANDARD = "gnu++0x";
				CLANG_CXX_LIBRARY = "libc++";
				CLANG_ENABLE_MODULES = YES;
				CLANG_ENABLE_OBJC_ARC = YES;
				CLANG_WARN_BOOL_CONVERSION = YES;
				CLANG_WARN_CONSTANT_CONVERSION = YES;
				CLANG_WARN_DIRECT_OBJC_ISA_USAGE = YES_ERROR;
				CLANG_WARN_EMPTY_BODY = YES;
				CLANG_WARN_ENUM_CONVERSION = YES;
				CLANG_WARN_INT_CONVERSION = YES;
				CLANG_WARN_OBJC_ROOT_CLASS = YES_ERROR;
				CLANG_WARN__DUPLICATE_METHOD_MATCH = YES;
				"CODE_SIGN_IDENTITY[sdk=iphoneos*]" = "iPhone Developer";
				COPY_PHASE_STRIP = NO;
				GCC_C_LANGUAGE_STANDARD = gnu99;
				GCC_DYNAMIC_NO_PIC = NO;
				GCC_OPTIMIZATION_LEVEL = 0;
				GCC_PREPROCESSOR_DEFINITIONS = (
					"DEBUG=1",
					"$(inherited)",
				);
				GCC_SYMBOLS_PRIVATE_EXTERN = NO;
				GCC_WARN_64_TO_32_BIT_CONVERSION = YES;
				GCC_WARN_ABOUT_RETURN_TYPE = YES_ERROR;
				GCC_WARN_UNDECLARED_SELECTOR = YES;
				GCC_WARN_UNINITIALIZED_AUTOS = YES_AGGRESSIVE;
				GCC_WARN_UNUSED_FUNCTION = YES;
				GCC_WARN_UNUSED_VARIABLE = YES;
				IPHONEOS_DEPLOYMENT_TARGET = 7.1;
				ONLY_ACTIVE_ARCH = YES;
				SDKROOT = iphoneos;
			};
			name = Debug;
		};
		190145E919A1EBB700C54DE1 /* Release */ = {
			isa = XCBuildConfiguration;
			buildSettings = {
				ALWAYS_SEARCH_USER_PATHS = NO;
				CLANG_CXX_LANGUAGE_STANDARD = "gnu++0x";
				CLANG_CXX_LIBRARY = "libc++";
				CLANG_ENABLE_MODULES = YES;
				CLANG_ENABLE_OBJC_ARC = YES;
				CLANG_WARN_BOOL_CONVERSION = YES;
				CLANG_WARN_CONSTANT_CONVERSION = YES;
				CLANG_WARN_DIRECT_OBJC_ISA_USAGE = YES_ERROR;
				CLANG_WARN_EMPTY_BODY = YES;
				CLANG_WARN_ENUM_CONVERSION = YES;
				CLANG_WARN_INT_CONVERSION = YES;
				CLANG_WARN_OBJC_ROOT_CLASS = YES_ERROR;
				CLANG_WARN__DUPLICATE_METHOD_MATCH = YES;
				"CODE_SIGN_IDENTITY[sdk=iphoneos*]" = "iPhone Developer";
				COPY_PHASE_STRIP = YES;
				ENABLE_NS_ASSERTIONS = NO;
				GCC_C_LANGUAGE_STANDARD = gnu99;
				GCC_WARN_64_TO_32_BIT_CONVERSION = YES;
				GCC_WARN_ABOUT_RETURN_TYPE = YES_ERROR;
				GCC_WARN_UNDECLARED_SELECTOR = YES;
				GCC_WARN_UNINITIALIZED_AUTOS = YES_AGGRESSIVE;
				GCC_WARN_UNUSED_FUNCTION = YES;
				GCC_WARN_UNUSED_VARIABLE = YES;
				IPHONEOS_DEPLOYMENT_TARGET = 7.1;
				SDKROOT = iphoneos;
				VALIDATE_PRODUCT = YES;
			};
			name = Release;
		};
		190145EB19A1EBB700C54DE1 /* Debug */ = {
			isa = XCBuildConfiguration;
			buildSettings = {
				ASSETCATALOG_COMPILER_APPICON_NAME = AppIcon;
				ASSETCATALOG_COMPILER_LAUNCHIMAGE_NAME = LaunchImage;
				GCC_PRECOMPILE_PREFIX_HEADER = YES;
				GCC_PREFIX_HEADER = "NavigationPopUp/NavigationPopUp-Prefix.pch";
				INFOPLIST_FILE = "NavigationPopUp/NavigationPopUp-Info.plist";
				PRODUCT_NAME = "$(TARGET_NAME)";
				WRAPPER_EXTENSION = app;
			};
			name = Debug;
		};
		190145EC19A1EBB700C54DE1 /* Release */ = {
			isa = XCBuildConfiguration;
			buildSettings = {
				ASSETCATALOG_COMPILER_APPICON_NAME = AppIcon;
				ASSETCATALOG_COMPILER_LAUNCHIMAGE_NAME = LaunchImage;
				GCC_PRECOMPILE_PREFIX_HEADER = YES;
				GCC_PREFIX_HEADER = "NavigationPopUp/NavigationPopUp-Prefix.pch";
				INFOPLIST_FILE = "NavigationPopUp/NavigationPopUp-Info.plist";
				PRODUCT_NAME = "$(TARGET_NAME)";
				WRAPPER_EXTENSION = app;
			};
			name = Release;
		};
		190145EE19A1EBB700C54DE1 /* Debug */ = {
			isa = XCBuildConfiguration;
			buildSettings = {
				BUNDLE_LOADER = "$(BUILT_PRODUCTS_DIR)/NavigationPopUp.app/NavigationPopUp";
				FRAMEWORK_SEARCH_PATHS = (
					"$(SDKROOT)/Developer/Library/Frameworks",
					"$(inherited)",
					"$(DEVELOPER_FRAMEWORKS_DIR)",
				);
				GCC_PRECOMPILE_PREFIX_HEADER = YES;
				GCC_PREFIX_HEADER = "NavigationPopUp/NavigationPopUp-Prefix.pch";
				GCC_PREPROCESSOR_DEFINITIONS = (
					"DEBUG=1",
					"$(inherited)",
				);
				INFOPLIST_FILE = "NavigationPopUpTests/NavigationPopUpTests-Info.plist";
				PRODUCT_NAME = "$(TARGET_NAME)";
				TEST_HOST = "$(BUNDLE_LOADER)";
				WRAPPER_EXTENSION = xctest;
			};
			name = Debug;
		};
		190145EF19A1EBB700C54DE1 /* Release */ = {
			isa = XCBuildConfiguration;
			buildSettings = {
				BUNDLE_LOADER = "$(BUILT_PRODUCTS_DIR)/NavigationPopUp.app/NavigationPopUp";
				FRAMEWORK_SEARCH_PATHS = (
					"$(SDKROOT)/Developer/Library/Frameworks",
					"$(inherited)",
					"$(DEVELOPER_FRAMEWORKS_DIR)",
				);
				GCC_PRECOMPILE_PREFIX_HEADER = YES;
				GCC_PREFIX_HEADER = "NavigationPopUp/NavigationPopUp-Prefix.pch";
				INFOPLIST_FILE = "NavigationPopUpTests/NavigationPopUpTests-Info.plist";
				PRODUCT_NAME = "$(TARGET_NAME)";
				TEST_HOST = "$(BUNDLE_LOADER)";
				WRAPPER_EXTENSION = xctest;
			};
			name = Release;
		};
/* End XCBuildConfiguration section */

/* Begin XCConfigurationList section */
		190145B319A1EBB600C54DE1 /* Build configuration list for PBXProject "NavigationPopUp" */ = {
			isa = XCConfigurationList;
			buildConfigurations = (
				190145E819A1EBB700C54DE1 /* Debug */,
				190145E919A1EBB700C54DE1 /* Release */,
			);
			defaultConfigurationIsVisible = 0;
			defaultConfigurationName = Release;
		};
		190145EA19A1EBB700C54DE1 /* Build configuration list for PBXNativeTarget "NavigationPopUp" */ = {
			isa = XCConfigurationList;
			buildConfigurations = (
				190145EB19A1EBB700C54DE1 /* Debug */,
				190145EC19A1EBB700C54DE1 /* Release */,
			);
			defaultConfigurationIsVisible = 0;
			defaultConfigurationName = Release;
		};
		190145ED19A1EBB700C54DE1 /* Build configuration list for PBXNativeTarget "NavigationPopUpTests" */ = {
			isa = XCConfigurationList;
			buildConfigurations = (
				190145EE19A1EBB700C54DE1 /* Debug */,
				190145EF19A1EBB700C54DE1 /* Release */,
			);
			defaultConfigurationIsVisible = 0;
			defaultConfigurationName = Release;
		};
/* End XCConfigurationList section */
	};
	rootObject = 190145B019A1EBB600C54DE1 /* Project object */;
}
